
Microsoft Visual Studio Solution File, Format Version 12.00
# Visual Studio 15
VisualStudioVersion = 15.0.27130.2027
MinimumVisualStudioVersion = 10.0.40219.1
Project("{9A19103F-16F7-4668-BE54-9A1E7A4F7556}") = "SP18.PF.Mobile", "SP18.PF.Mobile\SP18.PF.Mobile\SP18.PF.Mobile.csproj", "{22BE9B9D-FC66-43C8-9968-75AB71477B7B}"
EndProject
Project("{FAE04EC0-301F-11D3-BF4B-00C04F79EFBC}") = "SP18.PF.Mobile.iOS", "SP18.PF.Mobile\SP18.PF.Mobile.iOS\SP18.PF.Mobile.iOS.csproj", "{9FFB5614-89EE-4A1B-BC61-DF9E143284C0}"
EndProject
Project("{FAE04EC0-301F-11D3-BF4B-00C04F79EFBC}") = "SP18.PF.Mobile.Android", "SP18.PF.Mobile\SP18.PF.Mobile.Android\SP18.PF.Mobile.Android.csproj", "{2E4EB683-CF18-489C-847C-14263CED15EE}"
EndProject
Project("{FAE04EC0-301F-11D3-BF4B-00C04F79EFBC}") = "SP18.PF.Mobile.UWP", "SP18.PF.Mobile\SP18.PF.Mobile.UWP\SP18.PF.Mobile.UWP.csproj", "{1CC7238D-B492-4356-B71F-183073224DAA}"
EndProject
Global
	GlobalSection(SolutionConfigurationPlatforms) = preSolution
		Ad-Hoc|Any CPU = Ad-Hoc|Any CPU
		Ad-Hoc|ARM = Ad-Hoc|ARM
		Ad-Hoc|iPhone = Ad-Hoc|iPhone
		Ad-Hoc|iPhoneSimulator = Ad-Hoc|iPhoneSimulator
		Ad-Hoc|x64 = Ad-Hoc|x64
		Ad-Hoc|x86 = Ad-Hoc|x86
		AppStore|Any CPU = AppStore|Any CPU
		AppStore|ARM = AppStore|ARM
		AppStore|iPhone = AppStore|iPhone
		AppStore|iPhoneSimulator = AppStore|iPhoneSimulator
		AppStore|x64 = AppStore|x64
		AppStore|x86 = AppStore|x86
		Debug|Any CPU = Debug|Any CPU
		Debug|ARM = Debug|ARM
		Debug|iPhone = Debug|iPhone
		Debug|iPhoneSimulator = Debug|iPhoneSimulator
		Debug|x64 = Debug|x64
		Debug|x86 = Debug|x86
		Release|Any CPU = Release|Any CPU
		Release|ARM = Release|ARM
		Release|iPhone = Release|iPhone
		Release|iPhoneSimulator = Release|iPhoneSimulator
		Release|x64 = Release|x64
		Release|x86 = Release|x86
	EndGlobalSection
	GlobalSection(ProjectConfigurationPlatforms) = postSolution
		{22BE9B9D-FC66-43C8-9968-75AB71477B7B}.Ad-Hoc|Any CPU.ActiveCfg = Debug|Any CPU
		{22BE9B9D-FC66-43C8-9968-75AB71477B7B}.Ad-Hoc|Any CPU.Build.0 = Debug|Any CPU
		{22BE9B9D-FC66-43C8-9968-75AB71477B7B}.Ad-Hoc|ARM.ActiveCfg = Debug|Any CPU
		{22BE9B9D-FC66-43C8-9968-75AB71477B7B}.Ad-Hoc|ARM.Build.0 = Debug|Any CPU
		{22BE9B9D-FC66-43C8-9968-75AB71477B7B}.Ad-Hoc|iPhone.ActiveCfg = Debug|Any CPU
		{22BE9B9D-FC66-43C8-9968-75AB71477B7B}.Ad-Hoc|iPhone.Build.0 = Debug|Any CPU
		{22BE9B9D-FC66-43C8-9968-75AB71477B7B}.Ad-Hoc|iPhoneSimulator.ActiveCfg = Debug|Any CPU
		{22BE9B9D-FC66-43C8-9968-75AB71477B7B}.Ad-Hoc|iPhoneSimulator.Build.0 = Debug|Any CPU
		{22BE9B9D-FC66-43C8-9968-75AB71477B7B}.Ad-Hoc|x64.ActiveCfg = Debug|Any CPU
		{22BE9B9D-FC66-43C8-9968-75AB71477B7B}.Ad-Hoc|x64.Build.0 = Debug|Any CPU
		{22BE9B9D-FC66-43C8-9968-75AB71477B7B}.Ad-Hoc|x86.ActiveCfg = Debug|Any CPU
		{22BE9B9D-FC66-43C8-9968-75AB71477B7B}.Ad-Hoc|x86.Build.0 = Debug|Any CPU
		{22BE9B9D-FC66-43C8-9968-75AB71477B7B}.AppStore|Any CPU.ActiveCfg = Debug|Any CPU
		{22BE9B9D-FC66-43C8-9968-75AB71477B7B}.AppStore|Any CPU.Build.0 = Debug|Any CPU
		{22BE9B9D-FC66-43C8-9968-75AB71477B7B}.AppStore|ARM.ActiveCfg = Debug|Any CPU
		{22BE9B9D-FC66-43C8-9968-75AB71477B7B}.AppStore|ARM.Build.0 = Debug|Any CPU
		{22BE9B9D-FC66-43C8-9968-75AB71477B7B}.AppStore|iPhone.ActiveCfg = Debug|Any CPU
		{22BE9B9D-FC66-43C8-9968-75AB71477B7B}.AppStore|iPhone.Build.0 = Debug|Any CPU
		{22BE9B9D-FC66-43C8-9968-75AB71477B7B}.AppStore|iPhoneSimulator.ActiveCfg = Debug|Any CPU
		{22BE9B9D-FC66-43C8-9968-75AB71477B7B}.AppStore|iPhoneSimulator.Build.0 = Debug|Any CPU
		{22BE9B9D-FC66-43C8-9968-75AB71477B7B}.AppStore|x64.ActiveCfg = Debug|Any CPU
		{22BE9B9D-FC66-43C8-9968-75AB71477B7B}.AppStore|x64.Build.0 = Debug|Any CPU
		{22BE9B9D-FC66-43C8-9968-75AB71477B7B}.AppStore|x86.ActiveCfg = Debug|Any CPU
		{22BE9B9D-FC66-43C8-9968-75AB71477B7B}.AppStore|x86.Build.0 = Debug|Any CPU
		{22BE9B9D-FC66-43C8-9968-75AB71477B7B}.Debug|Any CPU.ActiveCfg = Debug|Any CPU
		{22BE9B9D-FC66-43C8-9968-75AB71477B7B}.Debug|Any CPU.Build.0 = Debug|Any CPU
		{22BE9B9D-FC66-43C8-9968-75AB71477B7B}.Debug|ARM.ActiveCfg = Debug|Any CPU
		{22BE9B9D-FC66-43C8-9968-75AB71477B7B}.Debug|ARM.Build.0 = Debug|Any CPU
		{22BE9B9D-FC66-43C8-9968-75AB71477B7B}.Debug|iPhone.ActiveCfg = Debug|Any CPU
		{22BE9B9D-FC66-43C8-9968-75AB71477B7B}.Debug|iPhone.Build.0 = Debug|Any CPU
		{22BE9B9D-FC66-43C8-9968-75AB71477B7B}.Debug|iPhoneSimulator.ActiveCfg = Debug|Any CPU
		{22BE9B9D-FC66-43C8-9968-75AB71477B7B}.Debug|iPhoneSimulator.Build.0 = Debug|Any CPU
		{22BE9B9D-FC66-43C8-9968-75AB71477B7B}.Debug|x64.ActiveCfg = Debug|Any CPU
		{22BE9B9D-FC66-43C8-9968-75AB71477B7B}.Debug|x64.Build.0 = Debug|Any CPU
		{22BE9B9D-FC66-43C8-9968-75AB71477B7B}.Debug|x86.ActiveCfg = Debug|Any CPU
		{22BE9B9D-FC66-43C8-9968-75AB71477B7B}.Debug|x86.Build.0 = Debug|Any CPU
		{22BE9B9D-FC66-43C8-9968-75AB71477B7B}.Release|Any CPU.ActiveCfg = Release|Any CPU
		{22BE9B9D-FC66-43C8-9968-75AB71477B7B}.Release|Any CPU.Build.0 = Release|Any CPU
		{22BE9B9D-FC66-43C8-9968-75AB71477B7B}.Release|ARM.ActiveCfg = Release|Any CPU
		{22BE9B9D-FC66-43C8-9968-75AB71477B7B}.Release|ARM.Build.0 = Release|Any CPU
		{22BE9B9D-FC66-43C8-9968-75AB71477B7B}.Release|iPhone.ActiveCfg = Release|Any CPU
		{22BE9B9D-FC66-43C8-9968-75AB71477B7B}.Release|iPhone.Build.0 = Release|Any CPU
		{22BE9B9D-FC66-43C8-9968-75AB71477B7B}.Release|iPhoneSimulator.ActiveCfg = Release|Any CPU
		{22BE9B9D-FC66-43C8-9968-75AB71477B7B}.Release|iPhoneSimulator.Build.0 = Release|Any CPU
		{22BE9B9D-FC66-43C8-9968-75AB71477B7B}.Release|x64.ActiveCfg = Release|Any CPU
		{22BE9B9D-FC66-43C8-9968-75AB71477B7B}.Release|x64.Build.0 = Release|Any CPU
		{22BE9B9D-FC66-43C8-9968-75AB71477B7B}.Release|x86.ActiveCfg = Release|Any CPU
		{22BE9B9D-FC66-43C8-9968-75AB71477B7B}.Release|x86.Build.0 = Release|Any CPU
		{9FFB5614-89EE-4A1B-BC61-DF9E143284C0}.Ad-Hoc|Any CPU.ActiveCfg = Ad-Hoc|iPhone
		{9FFB5614-89EE-4A1B-BC61-DF9E143284C0}.Ad-Hoc|ARM.ActiveCfg = Ad-Hoc|iPhone
		{9FFB5614-89EE-4A1B-BC61-DF9E143284C0}.Ad-Hoc|iPhone.ActiveCfg = Ad-Hoc|iPhone
		{9FFB5614-89EE-4A1B-BC61-DF9E143284C0}.Ad-Hoc|iPhone.Build.0 = Ad-Hoc|iPhone
		{9FFB5614-89EE-4A1B-BC61-DF9E143284C0}.Ad-Hoc|iPhoneSimulator.ActiveCfg = Ad-Hoc|iPhoneSimulator
		{9FFB5614-89EE-4A1B-BC61-DF9E143284C0}.Ad-Hoc|iPhoneSimulator.Build.0 = Ad-Hoc|iPhoneSimulator
		{9FFB5614-89EE-4A1B-BC61-DF9E143284C0}.Ad-Hoc|x64.ActiveCfg = Ad-Hoc|iPhone
		{9FFB5614-89EE-4A1B-BC61-DF9E143284C0}.Ad-Hoc|x86.ActiveCfg = Ad-Hoc|iPhone
		{9FFB5614-89EE-4A1B-BC61-DF9E143284C0}.AppStore|Any CPU.ActiveCfg = AppStore|iPhone
		{9FFB5614-89EE-4A1B-BC61-DF9E143284C0}.AppStore|ARM.ActiveCfg = AppStore|iPhone
		{9FFB5614-89EE-4A1B-BC61-DF9E143284C0}.AppStore|iPhone.ActiveCfg = AppStore|iPhone
		{9FFB5614-89EE-4A1B-BC61-DF9E143284C0}.AppStore|iPhone.Build.0 = AppStore|iPhone
		{9FFB5614-89EE-4A1B-BC61-DF9E143284C0}.AppStore|iPhoneSimulator.ActiveCfg = AppStore|iPhoneSimulator
		{9FFB5614-89EE-4A1B-BC61-DF9E143284C0}.AppStore|iPhoneSimulator.Build.0 = AppStore|iPhoneSimulator
		{9FFB5614-89EE-4A1B-BC61-DF9E143284C0}.AppStore|x64.ActiveCfg = AppStore|iPhone
		{9FFB5614-89EE-4A1B-BC61-DF9E143284C0}.AppStore|x86.ActiveCfg = AppStore|iPhone
		{9FFB5614-89EE-4A1B-BC61-DF9E143284C0}.Debug|Any CPU.ActiveCfg = Debug|iPhone
		{9FFB5614-89EE-4A1B-BC61-DF9E143284C0}.Debug|ARM.ActiveCfg = Debug|iPhone
		{9FFB5614-89EE-4A1B-BC61-DF9E143284C0}.Debug|iPhone.ActiveCfg = Debug|iPhone
		{9FFB5614-89EE-4A1B-BC61-DF9E143284C0}.Debug|iPhone.Build.0 = Debug|iPhone
		{9FFB5614-89EE-4A1B-BC61-DF9E143284C0}.Debug|iPhoneSimulator.ActiveCfg = Debug|iPhoneSimulator
		{9FFB5614-89EE-4A1B-BC61-DF9E143284C0}.Debug|iPhoneSimulator.Build.0 = Debug|iPhoneSimulator
		{9FFB5614-89EE-4A1B-BC61-DF9E143284C0}.Debug|x64.ActiveCfg = Debug|iPhone
		{9FFB5614-89EE-4A1B-BC61-DF9E143284C0}.Debug|x86.ActiveCfg = Debug|iPhone
		{9FFB5614-89EE-4A1B-BC61-DF9E143284C0}.Release|Any CPU.ActiveCfg = Release|iPhone
		{9FFB5614-89EE-4A1B-BC61-DF9E143284C0}.Release|ARM.ActiveCfg = Release|iPhone
		{9FFB5614-89EE-4A1B-BC61-DF9E143284C0}.Release|iPhone.ActiveCfg = Release|iPhone
		{9FFB5614-89EE-4A1B-BC61-DF9E143284C0}.Release|iPhone.Build.0 = Release|iPhone
		{9FFB5614-89EE-4A1B-BC61-DF9E143284C0}.Release|iPhoneSimulator.ActiveCfg = Release|iPhoneSimulator
		{9FFB5614-89EE-4A1B-BC61-DF9E143284C0}.Release|iPhoneSimulator.Build.0 = Release|iPhoneSimulator
		{9FFB5614-89EE-4A1B-BC61-DF9E143284C0}.Release|x64.ActiveCfg = Release|iPhone
		{9FFB5614-89EE-4A1B-BC61-DF9E143284C0}.Release|x86.ActiveCfg = Release|iPhone
		{2E4EB683-CF18-489C-847C-14263CED15EE}.Ad-Hoc|Any CPU.ActiveCfg = Release|Any CPU
		{2E4EB683-CF18-489C-847C-14263CED15EE}.Ad-Hoc|Any CPU.Build.0 = Release|Any CPU
		{2E4EB683-CF18-489C-847C-14263CED15EE}.Ad-Hoc|Any CPU.Deploy.0 = Release|Any CPU
		{2E4EB683-CF18-489C-847C-14263CED15EE}.Ad-Hoc|ARM.ActiveCfg = Release|Any CPU
		{2E4EB683-CF18-489C-847C-14263CED15EE}.Ad-Hoc|ARM.Build.0 = Release|Any CPU
		{2E4EB683-CF18-489C-847C-14263CED15EE}.Ad-Hoc|ARM.Deploy.0 = Release|Any CPU
		{2E4EB683-CF18-489C-847C-14263CED15EE}.Ad-Hoc|iPhone.ActiveCfg = Release|Any CPU
		{2E4EB683-CF18-489C-847C-14263CED15EE}.Ad-Hoc|iPhone.Build.0 = Release|Any CPU
		{2E4EB683-CF18-489C-847C-14263CED15EE}.Ad-Hoc|iPhone.Deploy.0 = Release|Any CPU
		{2E4EB683-CF18-489C-847C-14263CED15EE}.Ad-Hoc|iPhoneSimulator.ActiveCfg = Release|Any CPU
		{2E4EB683-CF18-489C-847C-14263CED15EE}.Ad-Hoc|iPhoneSimulator.Build.0 = Release|Any CPU
		{2E4EB683-CF18-489C-847C-14263CED15EE}.Ad-Hoc|iPhoneSimulator.Deploy.0 = Release|Any CPU
		{2E4EB683-CF18-489C-847C-14263CED15EE}.Ad-Hoc|x64.ActiveCfg = Release|Any CPU
		{2E4EB683-CF18-489C-847C-14263CED15EE}.Ad-Hoc|x64.Build.0 = Release|Any CPU
		{2E4EB683-CF18-489C-847C-14263CED15EE}.Ad-Hoc|x64.Deploy.0 = Release|Any CPU
		{2E4EB683-CF18-489C-847C-14263CED15EE}.Ad-Hoc|x86.ActiveCfg = Release|Any CPU
		{2E4EB683-CF18-489C-847C-14263CED15EE}.Ad-Hoc|x86.Build.0 = Release|Any CPU
		{2E4EB683-CF18-489C-847C-14263CED15EE}.Ad-Hoc|x86.Deploy.0 = Release|Any CPU
		{2E4EB683-CF18-489C-847C-14263CED15EE}.AppStore|Any CPU.ActiveCfg = Release|Any CPU
		{2E4EB683-CF18-489C-847C-14263CED15EE}.AppStore|Any CPU.Build.0 = Release|Any CPU
		{2E4EB683-CF18-489C-847C-14263CED15EE}.AppStore|Any CPU.Deploy.0 = Release|Any CPU
		{2E4EB683-CF18-489C-847C-14263CED15EE}.AppStore|ARM.ActiveCfg = Release|Any CPU
		{2E4EB683-CF18-489C-847C-14263CED15EE}.AppStore|ARM.Build.0 = Release|Any CPU
		{2E4EB683-CF18-489C-847C-14263CED15EE}.AppStore|ARM.Deploy.0 = Release|Any CPU
		{2E4EB683-CF18-489C-847C-14263CED15EE}.AppStore|iPhone.ActiveCfg = Release|Any CPU
		{2E4EB683-CF18-489C-847C-14263CED15EE}.AppStore|iPhone.Build.0 = Release|Any CPU
		{2E4EB683-CF18-489C-847C-14263CED15EE}.AppStore|iPhone.Deploy.0 = Release|Any CPU
		{2E4EB683-CF18-489C-847C-14263CED15EE}.AppStore|iPhoneSimulator.ActiveCfg = Release|Any CPU
		{2E4EB683-CF18-489C-847C-14263CED15EE}.AppStore|iPhoneSimulator.Build.0 = Release|Any CPU
		{2E4EB683-CF18-489C-847C-14263CED15EE}.AppStore|iPhoneSimulator.Deploy.0 = Release|Any CPU
		{2E4EB683-CF18-489C-847C-14263CED15EE}.AppStore|x64.ActiveCfg = Release|Any CPU
		{2E4EB683-CF18-489C-847C-14263CED15EE}.AppStore|x64.Build.0 = Release|Any CPU
		{2E4EB683-CF18-489C-847C-14263CED15EE}.AppStore|x64.Deploy.0 = Release|Any CPU
		{2E4EB683-CF18-489C-847C-14263CED15EE}.AppStore|x86.ActiveCfg = Release|Any CPU
		{2E4EB683-CF18-489C-847C-14263CED15EE}.AppStore|x86.Build.0 = Release|Any CPU
		{2E4EB683-CF18-489C-847C-14263CED15EE}.AppStore|x86.Deploy.0 = Release|Any CPU
		{2E4EB683-CF18-489C-847C-14263CED15EE}.Debug|Any CPU.ActiveCfg = Debug|Any CPU
		{2E4EB683-CF18-489C-847C-14263CED15EE}.Debug|Any CPU.Build.0 = Debug|Any CPU
		{2E4EB683-CF18-489C-847C-14263CED15EE}.Debug|Any CPU.Deploy.0 = Debug|Any CPU
		{2E4EB683-CF18-489C-847C-14263CED15EE}.Debug|ARM.ActiveCfg = Debug|Any CPU
		{2E4EB683-CF18-489C-847C-14263CED15EE}.Debug|ARM.Build.0 = Debug|Any CPU
		{2E4EB683-CF18-489C-847C-14263CED15EE}.Debug|ARM.Deploy.0 = Debug|Any CPU
		{2E4EB683-CF18-489C-847C-14263CED15EE}.Debug|iPhone.ActiveCfg = Debug|Any CPU
		{2E4EB683-CF18-489C-847C-14263CED15EE}.Debug|iPhone.Build.0 = Debug|Any CPU
		{2E4EB683-CF18-489C-847C-14263CED15EE}.Debug|iPhone.Deploy.0 = Debug|Any CPU
		{2E4EB683-CF18-489C-847C-14263CED15EE}.Debug|iPhoneSimulator.ActiveCfg = Debug|Any CPU
		{2E4EB683-CF18-489C-847C-14263CED15EE}.Debug|iPhoneSimulator.Build.0 = Debug|Any CPU
		{2E4EB683-CF18-489C-847C-14263CED15EE}.Debug|iPhoneSimulator.Deploy.0 = Debug|Any CPU
		{2E4EB683-CF18-489C-847C-14263CED15EE}.Debug|x64.ActiveCfg = Debug|Any CPU
		{2E4EB683-CF18-489C-847C-14263CED15EE}.Debug|x64.Build.0 = Debug|Any CPU
		{2E4EB683-CF18-489C-847C-14263CED15EE}.Debug|x64.Deploy.0 = Debug|Any CPU
		{2E4EB683-CF18-489C-847C-14263CED15EE}.Debug|x86.ActiveCfg = Debug|Any CPU
		{2E4EB683-CF18-489C-847C-14263CED15EE}.Debug|x86.Build.0 = Debug|Any CPU
		{2E4EB683-CF18-489C-847C-14263CED15EE}.Debug|x86.Deploy.0 = Debug|Any CPU
		{2E4EB683-CF18-489C-847C-14263CED15EE}.Release|Any CPU.ActiveCfg = Release|Any CPU
		{2E4EB683-CF18-489C-847C-14263CED15EE}.Release|Any CPU.Build.0 = Release|Any CPU
		{2E4EB683-CF18-489C-847C-14263CED15EE}.Release|Any CPU.Deploy.0 = Release|Any CPU
		{2E4EB683-CF18-489C-847C-14263CED15EE}.Release|ARM.ActiveCfg = Release|Any CPU
		{2E4EB683-CF18-489C-847C-14263CED15EE}.Release|ARM.Build.0 = Release|Any CPU
		{2E4EB683-CF18-489C-847C-14263CED15EE}.Release|ARM.Deploy.0 = Release|Any CPU
		{2E4EB683-CF18-489C-847C-14263CED15EE}.Release|iPhone.ActiveCfg = Release|Any CPU
		{2E4EB683-CF18-489C-847C-14263CED15EE}.Release|iPhone.Build.0 = Release|Any CPU
		{2E4EB683-CF18-489C-847C-14263CED15EE}.Release|iPhone.Deploy.0 = Release|Any CPU
		{2E4EB683-CF18-489C-847C-14263CED15EE}.Release|iPhoneSimulator.ActiveCfg = Release|Any CPU
		{2E4EB683-CF18-489C-847C-14263CED15EE}.Release|iPhoneSimulator.Build.0 = Release|Any CPU
		{2E4EB683-CF18-489C-847C-14263CED15EE}.Release|iPhoneSimulator.Deploy.0 = Release|Any CPU
		{2E4EB683-CF18-489C-847C-14263CED15EE}.Release|x64.ActiveCfg = Release|Any CPU
		{2E4EB683-CF18-489C-847C-14263CED15EE}.Release|x64.Build.0 = Release|Any CPU
		{2E4EB683-CF18-489C-847C-14263CED15EE}.Release|x64.Deploy.0 = Release|Any CPU
		{2E4EB683-CF18-489C-847C-14263CED15EE}.Release|x86.ActiveCfg = Release|Any CPU
		{2E4EB683-CF18-489C-847C-14263CED15EE}.Release|x86.Build.0 = Release|Any CPU
		{2E4EB683-CF18-489C-847C-14263CED15EE}.Release|x86.Deploy.0 = Release|Any CPU
		{1CC7238D-B492-4356-B71F-183073224DAA}.Ad-Hoc|Any CPU.ActiveCfg = Release|x86
		{1CC7238D-B492-4356-B71F-183073224DAA}.Ad-Hoc|Any CPU.Build.0 = Release|x86
		{1CC7238D-B492-4356-B71F-183073224DAA}.Ad-Hoc|Any CPU.Deploy.0 = Release|x86
		{1CC7238D-B492-4356-B71F-183073224DAA}.Ad-Hoc|ARM.ActiveCfg = Release|ARM
		{1CC7238D-B492-4356-B71F-183073224DAA}.Ad-Hoc|ARM.Build.0 = Release|ARM
		{1CC7238D-B492-4356-B71F-183073224DAA}.Ad-Hoc|ARM.Deploy.0 = Release|ARM
		{1CC7238D-B492-4356-B71F-183073224DAA}.Ad-Hoc|iPhone.ActiveCfg = Release|x86
		{1CC7238D-B492-4356-B71F-183073224DAA}.Ad-Hoc|iPhone.Build.0 = Release|x86
		{1CC7238D-B492-4356-B71F-183073224DAA}.Ad-Hoc|iPhone.Deploy.0 = Release|x86
		{1CC7238D-B492-4356-B71F-183073224DAA}.Ad-Hoc|iPhoneSimulator.ActiveCfg = Release|x86
		{1CC7238D-B492-4356-B71F-183073224DAA}.Ad-Hoc|iPhoneSimulator.Build.0 = Release|x86
		{1CC7238D-B492-4356-B71F-183073224DAA}.Ad-Hoc|iPhoneSimulator.Deploy.0 = Release|x86
		{1CC7238D-B492-4356-B71F-183073224DAA}.Ad-Hoc|x64.ActiveCfg = Release|x64
		{1CC7238D-B492-4356-B71F-183073224DAA}.Ad-Hoc|x64.Build.0 = Release|x64
		{1CC7238D-B492-4356-B71F-183073224DAA}.Ad-Hoc|x64.Deploy.0 = Release|x64
		{1CC7238D-B492-4356-B71F-183073224DAA}.Ad-Hoc|x86.ActiveCfg = Release|x86
		{1CC7238D-B492-4356-B71F-183073224DAA}.Ad-Hoc|x86.Build.0 = Release|x86
		{1CC7238D-B492-4356-B71F-183073224DAA}.Ad-Hoc|x86.Deploy.0 = Release|x86
		{1CC7238D-B492-4356-B71F-183073224DAA}.AppStore|Any CPU.ActiveCfg = Release|x86
		{1CC7238D-B492-4356-B71F-183073224DAA}.AppStore|Any CPU.Build.0 = Release|x86
		{1CC7238D-B492-4356-B71F-183073224DAA}.AppStore|Any CPU.Deploy.0 = Release|x86
		{1CC7238D-B492-4356-B71F-183073224DAA}.AppStore|ARM.ActiveCfg = Release|ARM
		{1CC7238D-B492-4356-B71F-183073224DAA}.AppStore|ARM.Build.0 = Release|ARM
		{1CC7238D-B492-4356-B71F-183073224DAA}.AppStore|ARM.Deploy.0 = Release|ARM
		{1CC7238D-B492-4356-B71F-183073224DAA}.AppStore|iPhone.ActiveCfg = Release|x86
		{1CC7238D-B492-4356-B71F-183073224DAA}.AppStore|iPhone.Build.0 = Release|x86
		{1CC7238D-B492-4356-B71F-183073224DAA}.AppStore|iPhone.Deploy.0 = Release|x86
		{1CC7238D-B492-4356-B71F-183073224DAA}.AppStore|iPhoneSimulator.ActiveCfg = Release|x86
		{1CC7238D-B492-4356-B71F-183073224DAA}.AppStore|iPhoneSimulator.Build.0 = Release|x86
		{1CC7238D-B492-4356-B71F-183073224DAA}.AppStore|iPhoneSimulator.Deploy.0 = Release|x86
		{1CC7238D-B492-4356-B71F-183073224DAA}.AppStore|x64.ActiveCfg = Release|x64
		{1CC7238D-B492-4356-B71F-183073224DAA}.AppStore|x64.Build.0 = Release|x64
		{1CC7238D-B492-4356-B71F-183073224DAA}.AppStore|x64.Deploy.0 = Release|x64
		{1CC7238D-B492-4356-B71F-183073224DAA}.AppStore|x86.ActiveCfg = Release|x86
		{1CC7238D-B492-4356-B71F-183073224DAA}.AppStore|x86.Build.0 = Release|x86
		{1CC7238D-B492-4356-B71F-183073224DAA}.AppStore|x86.Deploy.0 = Release|x86
		{1CC7238D-B492-4356-B71F-183073224DAA}.Debug|Any CPU.ActiveCfg = Debug|x86
		{1CC7238D-B492-4356-B71F-183073224DAA}.Debug|ARM.ActiveCfg = Debug|ARM
		{1CC7238D-B492-4356-B71F-183073224DAA}.Debug|ARM.Build.0 = Debug|ARM
		{1CC7238D-B492-4356-B71F-183073224DAA}.Debug|ARM.Deploy.0 = Debug|ARM
		{1CC7238D-B492-4356-B71F-183073224DAA}.Debug|iPhone.ActiveCfg = Debug|x86
		{1CC7238D-B492-4356-B71F-183073224DAA}.Debug|iPhoneSimulator.ActiveCfg = Debug|x86
		{1CC7238D-B492-4356-B71F-183073224DAA}.Debug|x64.ActiveCfg = Debug|x64
		{1CC7238D-B492-4356-B71F-183073224DAA}.Debug|x64.Build.0 = Debug|x64
		{1CC7238D-B492-4356-B71F-183073224DAA}.Debug|x64.Deploy.0 = Debug|x64
		{1CC7238D-B492-4356-B71F-183073224DAA}.Debug|x86.ActiveCfg = Debug|x86
		{1CC7238D-B492-4356-B71F-183073224DAA}.Debug|x86.Build.0 = Debug|x86
		{1CC7238D-B492-4356-B71F-183073224DAA}.Debug|x86.Deploy.0 = Debug|x86
		{1CC7238D-B492-4356-B71F-183073224DAA}.Release|Any CPU.ActiveCfg = Release|x86
		{1CC7238D-B492-4356-B71F-183073224DAA}.Release|ARM.ActiveCfg = Release|ARM
		{1CC7238D-B492-4356-B71F-183073224DAA}.Release|ARM.Build.0 = Release|ARM
		{1CC7238D-B492-4356-B71F-183073224DAA}.Release|ARM.Deploy.0 = Release|ARM
		{1CC7238D-B492-4356-B71F-183073224DAA}.Release|iPhone.ActiveCfg = Release|x86
		{1CC7238D-B492-4356-B71F-183073224DAA}.Release|iPhoneSimulator.ActiveCfg = Release|x86
		{1CC7238D-B492-4356-B71F-183073224DAA}.Release|x64.ActiveCfg = Release|x64
		{1CC7238D-B492-4356-B71F-183073224DAA}.Release|x64.Build.0 = Release|x64
		{1CC7238D-B492-4356-B71F-183073224DAA}.Release|x64.Deploy.0 = Release|x64
		{1CC7238D-B492-4356-B71F-183073224DAA}.Release|x86.ActiveCfg = Release|x86
		{1CC7238D-B492-4356-B71F-183073224DAA}.Release|x86.Build.0 = Release|x86
		{1CC7238D-B492-4356-B71F-183073224DAA}.Release|x86.Deploy.0 = Release|x86
	EndGlobalSection
	GlobalSection(SolutionProperties) = preSolution
		HideSolutionNode = FALSE
	EndGlobalSection
	GlobalSection(ExtensibilityGlobals) = postSolution
		SolutionGuid = {F6D05029-56B8-4E45-AF2D-0E76295DDBA2}
	EndGlobalSection
EndGlobal
