
Microsoft Visual Studio Solution File, Format Version 12.00
# Visual Studio 15
VisualStudioVersion = 15.0.26730.10
MinimumVisualStudioVersion = 10.0.40219.1

Project("{D954291E-2A0B-460D-934E-DC6B0785DB48}") = "SP18.PF.Mobile", "SP18.PF.Mobile\SP18.PF.Mobile\SP18.PF.Mobile.shproj", "{8A3DAD3A-C4D9-475A-BE77-1F67D0B6AF89}"
EndProject


Project("{FAE04EC0-301F-11D3-BF4B-00C04F79EFBC}") = "SP18.PF.Mobile.iOS", "SP18.PF.Mobile\SP18.PF.Mobile.iOS\SP18.PF.Mobile.iOS.csproj", "{B2CB98DB-6371-4BD0-9A0A-07D570151449}"
EndProject

Project("{FAE04EC0-301F-11D3-BF4B-00C04F79EFBC}") = "SP18.PF.Mobile.Android", "SP18.PF.Mobile\SP18.PF.Mobile.Android\SP18.PF.Mobile.Android.csproj", "{8AEB36C4-20F8-483C-882D-C1AD661D6D7D}"
EndProject

Project("{FAE04EC0-301F-11D3-BF4B-00C04F79EFBC}") = "SP18.PF.Mobile.UWP", "SP18.PF.Mobile\SP18.PF.Mobile.UWP\SP18.PF.Mobile.UWP.csproj", "{A775F344-C250-45A7-8054-ED8B01136FC0}"
EndProject


Global
	GlobalSection(SolutionConfigurationPlatforms) = preSolution
		Ad-Hoc|Any CPU = Ad-Hoc|Any CPU
		Ad-Hoc|ARM = Ad-Hoc|ARM
		Ad-Hoc|iPhone = Ad-Hoc|iPhone
		Ad-Hoc|iPhoneSimulator = Ad-Hoc|iPhoneSimulator
		Ad-Hoc|x64 = Ad-Hoc|x64
		Ad-Hoc|x86 = Ad-Hoc|x86
		AppStore|Any CPU = AppStore|Any CPU
		AppStore|ARM = AppStore|ARM
		AppStore|iPhone = AppStore|iPhone
		AppStore|iPhoneSimulator = AppStore|iPhoneSimulator
		AppStore|x64 = AppStore|x64
		AppStore|x86 = AppStore|x86
		Debug|Any CPU = Debug|Any CPU
		Debug|ARM = Debug|ARM
		Debug|iPhone = Debug|iPhone
		Debug|iPhoneSimulator = Debug|iPhoneSimulator
		Debug|x64 = Debug|x64
		Debug|x86 = Debug|x86
		Release|Any CPU = Release|Any CPU
		Release|ARM = Release|ARM
		Release|iPhone = Release|iPhone
		Release|iPhoneSimulator = Release|iPhoneSimulator
		Release|x64 = Release|x64
		Release|x86 = Release|x86
	EndGlobalSection
	GlobalSection(ProjectConfigurationPlatforms) = postSolution
		{5D70E185-A408-4597-A611-E4803C3AAD4B}.Ad-Hoc|Any CPU.ActiveCfg = Debug|Any CPU
		{5D70E185-A408-4597-A611-E4803C3AAD4B}.Ad-Hoc|Any CPU.Build.0 = Debug|Any CPU
		{5D70E185-A408-4597-A611-E4803C3AAD4B}.Ad-Hoc|ARM.ActiveCfg = Debug|Any CPU
		{5D70E185-A408-4597-A611-E4803C3AAD4B}.Ad-Hoc|ARM.Build.0 = Debug|Any CPU
		{5D70E185-A408-4597-A611-E4803C3AAD4B}.Ad-Hoc|iPhone.ActiveCfg = Debug|Any CPU
		{5D70E185-A408-4597-A611-E4803C3AAD4B}.Ad-Hoc|iPhone.Build.0 = Debug|Any CPU
		{5D70E185-A408-4597-A611-E4803C3AAD4B}.Ad-Hoc|iPhoneSimulator.ActiveCfg = Debug|Any CPU
		{5D70E185-A408-4597-A611-E4803C3AAD4B}.Ad-Hoc|iPhoneSimulator.Build.0 = Debug|Any CPU
		{5D70E185-A408-4597-A611-E4803C3AAD4B}.Ad-Hoc|x64.ActiveCfg = Debug|Any CPU
		{5D70E185-A408-4597-A611-E4803C3AAD4B}.Ad-Hoc|x64.Build.0 = Debug|Any CPU
		{5D70E185-A408-4597-A611-E4803C3AAD4B}.Ad-Hoc|x86.ActiveCfg = Debug|Any CPU
		{5D70E185-A408-4597-A611-E4803C3AAD4B}.Ad-Hoc|x86.Build.0 = Debug|Any CPU
		{5D70E185-A408-4597-A611-E4803C3AAD4B}.AppStore|Any CPU.ActiveCfg = Debug|Any CPU
		{5D70E185-A408-4597-A611-E4803C3AAD4B}.AppStore|Any CPU.Build.0 = Debug|Any CPU
		{5D70E185-A408-4597-A611-E4803C3AAD4B}.AppStore|ARM.ActiveCfg = Debug|Any CPU
		{5D70E185-A408-4597-A611-E4803C3AAD4B}.AppStore|ARM.Build.0 = Debug|Any CPU
		{5D70E185-A408-4597-A611-E4803C3AAD4B}.AppStore|iPhone.ActiveCfg = Debug|Any CPU
		{5D70E185-A408-4597-A611-E4803C3AAD4B}.AppStore|iPhone.Build.0 = Debug|Any CPU
		{5D70E185-A408-4597-A611-E4803C3AAD4B}.AppStore|iPhoneSimulator.ActiveCfg = Debug|Any CPU
		{5D70E185-A408-4597-A611-E4803C3AAD4B}.AppStore|iPhoneSimulator.Build.0 = Debug|Any CPU
		{5D70E185-A408-4597-A611-E4803C3AAD4B}.AppStore|x64.ActiveCfg = Debug|Any CPU
		{5D70E185-A408-4597-A611-E4803C3AAD4B}.AppStore|x64.Build.0 = Debug|Any CPU
		{5D70E185-A408-4597-A611-E4803C3AAD4B}.AppStore|x86.ActiveCfg = Debug|Any CPU
		{5D70E185-A408-4597-A611-E4803C3AAD4B}.AppStore|x86.Build.0 = Debug|Any CPU
		{5D70E185-A408-4597-A611-E4803C3AAD4B}.Debug|Any CPU.ActiveCfg = Debug|Any CPU
		{5D70E185-A408-4597-A611-E4803C3AAD4B}.Debug|Any CPU.Build.0 = Debug|Any CPU
		{5D70E185-A408-4597-A611-E4803C3AAD4B}.Debug|ARM.ActiveCfg = Debug|Any CPU
		{5D70E185-A408-4597-A611-E4803C3AAD4B}.Debug|ARM.Build.0 = Debug|Any CPU
		{5D70E185-A408-4597-A611-E4803C3AAD4B}.Debug|iPhone.ActiveCfg = Debug|Any CPU
		{5D70E185-A408-4597-A611-E4803C3AAD4B}.Debug|iPhone.Build.0 = Debug|Any CPU
		{5D70E185-A408-4597-A611-E4803C3AAD4B}.Debug|iPhoneSimulator.ActiveCfg = Debug|Any CPU
		{5D70E185-A408-4597-A611-E4803C3AAD4B}.Debug|iPhoneSimulator.Build.0 = Debug|Any CPU
		{5D70E185-A408-4597-A611-E4803C3AAD4B}.Debug|x64.ActiveCfg = Debug|Any CPU
		{5D70E185-A408-4597-A611-E4803C3AAD4B}.Debug|x64.Build.0 = Debug|Any CPU
		{5D70E185-A408-4597-A611-E4803C3AAD4B}.Debug|x86.ActiveCfg = Debug|Any CPU
		{5D70E185-A408-4597-A611-E4803C3AAD4B}.Debug|x86.Build.0 = Debug|Any CPU
		{5D70E185-A408-4597-A611-E4803C3AAD4B}.Release|Any CPU.ActiveCfg = Release|Any CPU
		{5D70E185-A408-4597-A611-E4803C3AAD4B}.Release|Any CPU.Build.0 = Release|Any CPU
		{5D70E185-A408-4597-A611-E4803C3AAD4B}.Release|ARM.ActiveCfg = Release|Any CPU
		{5D70E185-A408-4597-A611-E4803C3AAD4B}.Release|ARM.Build.0 = Release|Any CPU
		{5D70E185-A408-4597-A611-E4803C3AAD4B}.Release|iPhone.ActiveCfg = Release|Any CPU
		{5D70E185-A408-4597-A611-E4803C3AAD4B}.Release|iPhone.Build.0 = Release|Any CPU
		{5D70E185-A408-4597-A611-E4803C3AAD4B}.Release|iPhoneSimulator.ActiveCfg = Release|Any CPU
		{5D70E185-A408-4597-A611-E4803C3AAD4B}.Release|iPhoneSimulator.Build.0 = Release|Any CPU
		{5D70E185-A408-4597-A611-E4803C3AAD4B}.Release|x64.ActiveCfg = Release|Any CPU
		{5D70E185-A408-4597-A611-E4803C3AAD4B}.Release|x64.Build.0 = Release|Any CPU
		{5D70E185-A408-4597-A611-E4803C3AAD4B}.Release|x86.ActiveCfg = Release|Any CPU
		{5D70E185-A408-4597-A611-E4803C3AAD4B}.Release|x86.Build.0 = Release|Any CPU
		{B2CB98DB-6371-4BD0-9A0A-07D570151449}.Ad-Hoc|Any CPU.ActiveCfg = Ad-Hoc|iPhone
		{B2CB98DB-6371-4BD0-9A0A-07D570151449}.Ad-Hoc|ARM.ActiveCfg = Ad-Hoc|iPhone
		{B2CB98DB-6371-4BD0-9A0A-07D570151449}.Ad-Hoc|iPhone.ActiveCfg = Ad-Hoc|iPhone
		{B2CB98DB-6371-4BD0-9A0A-07D570151449}.Ad-Hoc|iPhone.Build.0 = Ad-Hoc|iPhone
		{B2CB98DB-6371-4BD0-9A0A-07D570151449}.Ad-Hoc|iPhoneSimulator.ActiveCfg = Ad-Hoc|iPhoneSimulator
		{B2CB98DB-6371-4BD0-9A0A-07D570151449}.Ad-Hoc|iPhoneSimulator.Build.0 = Ad-Hoc|iPhoneSimulator
		{B2CB98DB-6371-4BD0-9A0A-07D570151449}.Ad-Hoc|x64.ActiveCfg = Ad-Hoc|iPhone
		{B2CB98DB-6371-4BD0-9A0A-07D570151449}.Ad-Hoc|x86.ActiveCfg = Ad-Hoc|iPhone
		{B2CB98DB-6371-4BD0-9A0A-07D570151449}.AppStore|Any CPU.ActiveCfg = AppStore|iPhone
		{B2CB98DB-6371-4BD0-9A0A-07D570151449}.AppStore|ARM.ActiveCfg = AppStore|iPhone
		{B2CB98DB-6371-4BD0-9A0A-07D570151449}.AppStore|iPhone.ActiveCfg = AppStore|iPhone
		{B2CB98DB-6371-4BD0-9A0A-07D570151449}.AppStore|iPhone.Build.0 = AppStore|iPhone
		{B2CB98DB-6371-4BD0-9A0A-07D570151449}.AppStore|iPhoneSimulator.ActiveCfg = AppStore|iPhoneSimulator
		{B2CB98DB-6371-4BD0-9A0A-07D570151449}.AppStore|iPhoneSimulator.Build.0 = AppStore|iPhoneSimulator
		{B2CB98DB-6371-4BD0-9A0A-07D570151449}.AppStore|x64.ActiveCfg = AppStore|iPhone
		{B2CB98DB-6371-4BD0-9A0A-07D570151449}.AppStore|x86.ActiveCfg = AppStore|iPhone
		{B2CB98DB-6371-4BD0-9A0A-07D570151449}.Debug|Any CPU.ActiveCfg = Debug|iPhone
		{B2CB98DB-6371-4BD0-9A0A-07D570151449}.Debug|ARM.ActiveCfg = Debug|iPhone
		{B2CB98DB-6371-4BD0-9A0A-07D570151449}.Debug|iPhone.ActiveCfg = Debug|iPhone
		{B2CB98DB-6371-4BD0-9A0A-07D570151449}.Debug|iPhone.Build.0 = Debug|iPhone
		{B2CB98DB-6371-4BD0-9A0A-07D570151449}.Debug|iPhoneSimulator.ActiveCfg = Debug|iPhoneSimulator
		{B2CB98DB-6371-4BD0-9A0A-07D570151449}.Debug|iPhoneSimulator.Build.0 = Debug|iPhoneSimulator
		{B2CB98DB-6371-4BD0-9A0A-07D570151449}.Debug|x64.ActiveCfg = Debug|iPhone
		{B2CB98DB-6371-4BD0-9A0A-07D570151449}.Debug|x86.ActiveCfg = Debug|iPhone
		{B2CB98DB-6371-4BD0-9A0A-07D570151449}.Release|Any CPU.ActiveCfg = Release|iPhone
		{B2CB98DB-6371-4BD0-9A0A-07D570151449}.Release|ARM.ActiveCfg = Release|iPhone
		{B2CB98DB-6371-4BD0-9A0A-07D570151449}.Release|iPhone.ActiveCfg = Release|iPhone
		{B2CB98DB-6371-4BD0-9A0A-07D570151449}.Release|iPhone.Build.0 = Release|iPhone
		{B2CB98DB-6371-4BD0-9A0A-07D570151449}.Release|iPhoneSimulator.ActiveCfg = Release|iPhoneSimulator
		{B2CB98DB-6371-4BD0-9A0A-07D570151449}.Release|iPhoneSimulator.Build.0 = Release|iPhoneSimulator
		{B2CB98DB-6371-4BD0-9A0A-07D570151449}.Release|x64.ActiveCfg = Release|iPhone
		{B2CB98DB-6371-4BD0-9A0A-07D570151449}.Release|x86.ActiveCfg = Release|iPhone
		{8AEB36C4-20F8-483C-882D-C1AD661D6D7D}.Ad-Hoc|Any CPU.ActiveCfg = Release|Any CPU
		{8AEB36C4-20F8-483C-882D-C1AD661D6D7D}.Ad-Hoc|Any CPU.Build.0 = Release|Any CPU
		{8AEB36C4-20F8-483C-882D-C1AD661D6D7D}.Ad-Hoc|Any CPU.Deploy.0 = Release|Any CPU
		{8AEB36C4-20F8-483C-882D-C1AD661D6D7D}.Ad-Hoc|ARM.ActiveCfg = Release|Any CPU
		{8AEB36C4-20F8-483C-882D-C1AD661D6D7D}.Ad-Hoc|ARM.Build.0 = Release|Any CPU
		{8AEB36C4-20F8-483C-882D-C1AD661D6D7D}.Ad-Hoc|ARM.Deploy.0 = Release|Any CPU
		{8AEB36C4-20F8-483C-882D-C1AD661D6D7D}.Ad-Hoc|iPhone.ActiveCfg = Release|Any CPU
		{8AEB36C4-20F8-483C-882D-C1AD661D6D7D}.Ad-Hoc|iPhone.Build.0 = Release|Any CPU
		{8AEB36C4-20F8-483C-882D-C1AD661D6D7D}.Ad-Hoc|iPhone.Deploy.0 = Release|Any CPU
		{8AEB36C4-20F8-483C-882D-C1AD661D6D7D}.Ad-Hoc|iPhoneSimulator.ActiveCfg = Release|Any CPU
		{8AEB36C4-20F8-483C-882D-C1AD661D6D7D}.Ad-Hoc|iPhoneSimulator.Build.0 = Release|Any CPU
		{8AEB36C4-20F8-483C-882D-C1AD661D6D7D}.Ad-Hoc|iPhoneSimulator.Deploy.0 = Release|Any CPU
		{8AEB36C4-20F8-483C-882D-C1AD661D6D7D}.Ad-Hoc|x64.ActiveCfg = Release|Any CPU
		{8AEB36C4-20F8-483C-882D-C1AD661D6D7D}.Ad-Hoc|x64.Build.0 = Release|Any CPU
		{8AEB36C4-20F8-483C-882D-C1AD661D6D7D}.Ad-Hoc|x64.Deploy.0 = Release|Any CPU
		{8AEB36C4-20F8-483C-882D-C1AD661D6D7D}.Ad-Hoc|x86.ActiveCfg = Release|Any CPU
		{8AEB36C4-20F8-483C-882D-C1AD661D6D7D}.Ad-Hoc|x86.Build.0 = Release|Any CPU
		{8AEB36C4-20F8-483C-882D-C1AD661D6D7D}.Ad-Hoc|x86.Deploy.0 = Release|Any CPU
		{8AEB36C4-20F8-483C-882D-C1AD661D6D7D}.AppStore|Any CPU.ActiveCfg = Release|Any CPU
		{8AEB36C4-20F8-483C-882D-C1AD661D6D7D}.AppStore|Any CPU.Build.0 = Release|Any CPU
		{8AEB36C4-20F8-483C-882D-C1AD661D6D7D}.AppStore|Any CPU.Deploy.0 = Release|Any CPU
		{8AEB36C4-20F8-483C-882D-C1AD661D6D7D}.AppStore|ARM.ActiveCfg = Release|Any CPU
		{8AEB36C4-20F8-483C-882D-C1AD661D6D7D}.AppStore|ARM.Build.0 = Release|Any CPU
		{8AEB36C4-20F8-483C-882D-C1AD661D6D7D}.AppStore|ARM.Deploy.0 = Release|Any CPU
		{8AEB36C4-20F8-483C-882D-C1AD661D6D7D}.AppStore|iPhone.ActiveCfg = Release|Any CPU
		{8AEB36C4-20F8-483C-882D-C1AD661D6D7D}.AppStore|iPhone.Build.0 = Release|Any CPU
		{8AEB36C4-20F8-483C-882D-C1AD661D6D7D}.AppStore|iPhone.Deploy.0 = Release|Any CPU
		{8AEB36C4-20F8-483C-882D-C1AD661D6D7D}.AppStore|iPhoneSimulator.ActiveCfg = Release|Any CPU
		{8AEB36C4-20F8-483C-882D-C1AD661D6D7D}.AppStore|iPhoneSimulator.Build.0 = Release|Any CPU
		{8AEB36C4-20F8-483C-882D-C1AD661D6D7D}.AppStore|iPhoneSimulator.Deploy.0 = Release|Any CPU
		{8AEB36C4-20F8-483C-882D-C1AD661D6D7D}.AppStore|x64.ActiveCfg = Release|Any CPU
		{8AEB36C4-20F8-483C-882D-C1AD661D6D7D}.AppStore|x64.Build.0 = Release|Any CPU
		{8AEB36C4-20F8-483C-882D-C1AD661D6D7D}.AppStore|x64.Deploy.0 = Release|Any CPU
		{8AEB36C4-20F8-483C-882D-C1AD661D6D7D}.AppStore|x86.ActiveCfg = Release|Any CPU
		{8AEB36C4-20F8-483C-882D-C1AD661D6D7D}.AppStore|x86.Build.0 = Release|Any CPU
		{8AEB36C4-20F8-483C-882D-C1AD661D6D7D}.AppStore|x86.Deploy.0 = Release|Any CPU
		{8AEB36C4-20F8-483C-882D-C1AD661D6D7D}.Debug|Any CPU.ActiveCfg = Debug|Any CPU
		{8AEB36C4-20F8-483C-882D-C1AD661D6D7D}.Debug|Any CPU.Build.0 = Debug|Any CPU
		{8AEB36C4-20F8-483C-882D-C1AD661D6D7D}.Debug|Any CPU.Deploy.0 = Debug|Any CPU
		{8AEB36C4-20F8-483C-882D-C1AD661D6D7D}.Debug|ARM.ActiveCfg = Debug|Any CPU
		{8AEB36C4-20F8-483C-882D-C1AD661D6D7D}.Debug|ARM.Build.0 = Debug|Any CPU
		{8AEB36C4-20F8-483C-882D-C1AD661D6D7D}.Debug|ARM.Deploy.0 = Debug|Any CPU
		{8AEB36C4-20F8-483C-882D-C1AD661D6D7D}.Debug|iPhone.ActiveCfg = Debug|Any CPU
		{8AEB36C4-20F8-483C-882D-C1AD661D6D7D}.Debug|iPhone.Build.0 = Debug|Any CPU
		{8AEB36C4-20F8-483C-882D-C1AD661D6D7D}.Debug|iPhone.Deploy.0 = Debug|Any CPU
		{8AEB36C4-20F8-483C-882D-C1AD661D6D7D}.Debug|iPhoneSimulator.ActiveCfg = Debug|Any CPU
		{8AEB36C4-20F8-483C-882D-C1AD661D6D7D}.Debug|iPhoneSimulator.Build.0 = Debug|Any CPU
		{8AEB36C4-20F8-483C-882D-C1AD661D6D7D}.Debug|iPhoneSimulator.Deploy.0 = Debug|Any CPU
		{8AEB36C4-20F8-483C-882D-C1AD661D6D7D}.Debug|x64.ActiveCfg = Debug|Any CPU
		{8AEB36C4-20F8-483C-882D-C1AD661D6D7D}.Debug|x64.Build.0 = Debug|Any CPU
		{8AEB36C4-20F8-483C-882D-C1AD661D6D7D}.Debug|x64.Deploy.0 = Debug|Any CPU
		{8AEB36C4-20F8-483C-882D-C1AD661D6D7D}.Debug|x86.ActiveCfg = Debug|Any CPU
		{8AEB36C4-20F8-483C-882D-C1AD661D6D7D}.Debug|x86.Build.0 = Debug|Any CPU
		{8AEB36C4-20F8-483C-882D-C1AD661D6D7D}.Debug|x86.Deploy.0 = Debug|Any CPU
		{8AEB36C4-20F8-483C-882D-C1AD661D6D7D}.Release|Any CPU.ActiveCfg = Release|Any CPU
		{8AEB36C4-20F8-483C-882D-C1AD661D6D7D}.Release|Any CPU.Build.0 = Release|Any CPU
		{8AEB36C4-20F8-483C-882D-C1AD661D6D7D}.Release|Any CPU.Deploy.0 = Release|Any CPU
		{8AEB36C4-20F8-483C-882D-C1AD661D6D7D}.Release|ARM.ActiveCfg = Release|Any CPU
		{8AEB36C4-20F8-483C-882D-C1AD661D6D7D}.Release|ARM.Build.0 = Release|Any CPU
		{8AEB36C4-20F8-483C-882D-C1AD661D6D7D}.Release|ARM.Deploy.0 = Release|Any CPU
		{8AEB36C4-20F8-483C-882D-C1AD661D6D7D}.Release|iPhone.ActiveCfg = Release|Any CPU
		{8AEB36C4-20F8-483C-882D-C1AD661D6D7D}.Release|iPhone.Build.0 = Release|Any CPU
		{8AEB36C4-20F8-483C-882D-C1AD661D6D7D}.Release|iPhone.Deploy.0 = Release|Any CPU
		{8AEB36C4-20F8-483C-882D-C1AD661D6D7D}.Release|iPhoneSimulator.ActiveCfg = Release|Any CPU
		{8AEB36C4-20F8-483C-882D-C1AD661D6D7D}.Release|iPhoneSimulator.Build.0 = Release|Any CPU
		{8AEB36C4-20F8-483C-882D-C1AD661D6D7D}.Release|iPhoneSimulator.Deploy.0 = Release|Any CPU
		{8AEB36C4-20F8-483C-882D-C1AD661D6D7D}.Release|x64.ActiveCfg = Release|Any CPU
		{8AEB36C4-20F8-483C-882D-C1AD661D6D7D}.Release|x64.Build.0 = Release|Any CPU
		{8AEB36C4-20F8-483C-882D-C1AD661D6D7D}.Release|x64.Deploy.0 = Release|Any CPU
		{8AEB36C4-20F8-483C-882D-C1AD661D6D7D}.Release|x86.ActiveCfg = Release|Any CPU
		{8AEB36C4-20F8-483C-882D-C1AD661D6D7D}.Release|x86.Build.0 = Release|Any CPU
		{8AEB36C4-20F8-483C-882D-C1AD661D6D7D}.Release|x86.Deploy.0 = Release|Any CPU
		{A775F344-C250-45A7-8054-ED8B01136FC0}.Ad-Hoc|Any CPU.ActiveCfg = Release|x86
		{A775F344-C250-45A7-8054-ED8B01136FC0}.Ad-Hoc|Any CPU.Build.0 = Release|x86
		{A775F344-C250-45A7-8054-ED8B01136FC0}.Ad-Hoc|Any CPU.Deploy.0 = Release|x86
		{A775F344-C250-45A7-8054-ED8B01136FC0}.Ad-Hoc|ARM.ActiveCfg = Release|ARM
		{A775F344-C250-45A7-8054-ED8B01136FC0}.Ad-Hoc|ARM.Build.0 = Release|ARM
		{A775F344-C250-45A7-8054-ED8B01136FC0}.Ad-Hoc|ARM.Deploy.0 = Release|ARM
		{A775F344-C250-45A7-8054-ED8B01136FC0}.Ad-Hoc|iPhone.ActiveCfg = Release|x86
		{A775F344-C250-45A7-8054-ED8B01136FC0}.Ad-Hoc|iPhone.Build.0 = Release|x86
		{A775F344-C250-45A7-8054-ED8B01136FC0}.Ad-Hoc|iPhone.Deploy.0 = Release|x86
		{A775F344-C250-45A7-8054-ED8B01136FC0}.Ad-Hoc|iPhoneSimulator.ActiveCfg = Release|x86
		{A775F344-C250-45A7-8054-ED8B01136FC0}.Ad-Hoc|iPhoneSimulator.Build.0 = Release|x86
		{A775F344-C250-45A7-8054-ED8B01136FC0}.Ad-Hoc|iPhoneSimulator.Deploy.0 = Release|x86
		{A775F344-C250-45A7-8054-ED8B01136FC0}.Ad-Hoc|x64.ActiveCfg = Release|x64
		{A775F344-C250-45A7-8054-ED8B01136FC0}.Ad-Hoc|x64.Build.0 = Release|x64
		{A775F344-C250-45A7-8054-ED8B01136FC0}.Ad-Hoc|x64.Deploy.0 = Release|x64
		{A775F344-C250-45A7-8054-ED8B01136FC0}.Ad-Hoc|x86.ActiveCfg = Release|x86
		{A775F344-C250-45A7-8054-ED8B01136FC0}.Ad-Hoc|x86.Build.0 = Release|x86
		{A775F344-C250-45A7-8054-ED8B01136FC0}.Ad-Hoc|x86.Deploy.0 = Release|x86
		{A775F344-C250-45A7-8054-ED8B01136FC0}.AppStore|Any CPU.ActiveCfg = Release|x86
		{A775F344-C250-45A7-8054-ED8B01136FC0}.AppStore|Any CPU.Build.0 = Release|x86
		{A775F344-C250-45A7-8054-ED8B01136FC0}.AppStore|Any CPU.Deploy.0 = Release|x86
		{A775F344-C250-45A7-8054-ED8B01136FC0}.AppStore|ARM.ActiveCfg = Release|ARM
		{A775F344-C250-45A7-8054-ED8B01136FC0}.AppStore|ARM.Build.0 = Release|ARM
		{A775F344-C250-45A7-8054-ED8B01136FC0}.AppStore|ARM.Deploy.0 = Release|ARM
		{A775F344-C250-45A7-8054-ED8B01136FC0}.AppStore|iPhone.ActiveCfg = Release|x86
		{A775F344-C250-45A7-8054-ED8B01136FC0}.AppStore|iPhone.Build.0 = Release|x86
		{A775F344-C250-45A7-8054-ED8B01136FC0}.AppStore|iPhone.Deploy.0 = Release|x86
		{A775F344-C250-45A7-8054-ED8B01136FC0}.AppStore|iPhoneSimulator.ActiveCfg = Release|x86
		{A775F344-C250-45A7-8054-ED8B01136FC0}.AppStore|iPhoneSimulator.Build.0 = Release|x86
		{A775F344-C250-45A7-8054-ED8B01136FC0}.AppStore|iPhoneSimulator.Deploy.0 = Release|x86
		{A775F344-C250-45A7-8054-ED8B01136FC0}.AppStore|x64.ActiveCfg = Release|x64
		{A775F344-C250-45A7-8054-ED8B01136FC0}.AppStore|x64.Build.0 = Release|x64
		{A775F344-C250-45A7-8054-ED8B01136FC0}.AppStore|x64.Deploy.0 = Release|x64
		{A775F344-C250-45A7-8054-ED8B01136FC0}.AppStore|x86.ActiveCfg = Release|x86
		{A775F344-C250-45A7-8054-ED8B01136FC0}.AppStore|x86.Build.0 = Release|x86
		{A775F344-C250-45A7-8054-ED8B01136FC0}.AppStore|x86.Deploy.0 = Release|x86
		{A775F344-C250-45A7-8054-ED8B01136FC0}.Debug|Any CPU.ActiveCfg = Debug|x86
		{A775F344-C250-45A7-8054-ED8B01136FC0}.Debug|ARM.ActiveCfg = Debug|ARM
		{A775F344-C250-45A7-8054-ED8B01136FC0}.Debug|ARM.Build.0 = Debug|ARM
		{A775F344-C250-45A7-8054-ED8B01136FC0}.Debug|ARM.Deploy.0 = Debug|ARM
		{A775F344-C250-45A7-8054-ED8B01136FC0}.Debug|iPhone.ActiveCfg = Debug|x86
		{A775F344-C250-45A7-8054-ED8B01136FC0}.Debug|iPhoneSimulator.ActiveCfg = Debug|x86
		{A775F344-C250-45A7-8054-ED8B01136FC0}.Debug|x64.ActiveCfg = Debug|x64
		{A775F344-C250-45A7-8054-ED8B01136FC0}.Debug|x64.Build.0 = Debug|x64
		{A775F344-C250-45A7-8054-ED8B01136FC0}.Debug|x64.Deploy.0 = Debug|x64
		{A775F344-C250-45A7-8054-ED8B01136FC0}.Debug|x86.ActiveCfg = Debug|x86
		{A775F344-C250-45A7-8054-ED8B01136FC0}.Debug|x86.Build.0 = Debug|x86
		{A775F344-C250-45A7-8054-ED8B01136FC0}.Debug|x86.Deploy.0 = Debug|x86
		{A775F344-C250-45A7-8054-ED8B01136FC0}.Release|Any CPU.ActiveCfg = Release|x86
		{A775F344-C250-45A7-8054-ED8B01136FC0}.Release|ARM.ActiveCfg = Release|ARM
		{A775F344-C250-45A7-8054-ED8B01136FC0}.Release|ARM.Build.0 = Release|ARM
		{A775F344-C250-45A7-8054-ED8B01136FC0}.Release|ARM.Deploy.0 = Release|ARM
		{A775F344-C250-45A7-8054-ED8B01136FC0}.Release|iPhone.ActiveCfg = Release|x86
		{A775F344-C250-45A7-8054-ED8B01136FC0}.Release|iPhoneSimulator.ActiveCfg = Release|x86
		{A775F344-C250-45A7-8054-ED8B01136FC0}.Release|x64.ActiveCfg = Release|x64
		{A775F344-C250-45A7-8054-ED8B01136FC0}.Release|x64.Build.0 = Release|x64
		{A775F344-C250-45A7-8054-ED8B01136FC0}.Release|x64.Deploy.0 = Release|x64
		{A775F344-C250-45A7-8054-ED8B01136FC0}.Release|x86.ActiveCfg = Release|x86
		{A775F344-C250-45A7-8054-ED8B01136FC0}.Release|x86.Build.0 = Release|x86
		{A775F344-C250-45A7-8054-ED8B01136FC0}.Release|x86.Deploy.0 = Release|x86
	EndGlobalSection
	GlobalSection(SolutionProperties) = preSolution
		HideSolutionNode = FALSE
	EndGlobalSection
	GlobalSection(ExtensibilityGlobals) = postSolution
		SolutionGuid = {F6D05029-56B8-4E45-AF2D-0E76295DDBA2}
	EndGlobalSection
EndGlobal
